// !$*UTF8*$!
{
	archiveVersion = 1;
	classes = {
	};
	objectVersion = 56;
	objects = {

/* Begin PBXBuildFile section */
		39D714F52B01AC2400B05D97 /* CatasLogApp.swift in Sources */ = {isa = PBXBuildFile; fileRef = 39D714F42B01AC2400B05D97 /* CatasLogApp.swift */; };
		39D714F72B01AC2400B05D97 /* ContentView.swift in Sources */ = {isa = PBXBuildFile; fileRef = 39D714F62B01AC2400B05D97 /* ContentView.swift */; };
		39D714F92B01AC2500B05D97 /* Assets.xcassets in Resources */ = {isa = PBXBuildFile; fileRef = 39D714F82B01AC2500B05D97 /* Assets.xcassets */; };
		39D714FC2B01AC2500B05D97 /* Preview Assets.xcassets in Resources */ = {isa = PBXBuildFile; fileRef = 39D714FB2B01AC2500B05D97 /* Preview Assets.xcassets */; };
		39D715062B01AC2500B05D97 /* CatasLogTests.swift in Sources */ = {isa = PBXBuildFile; fileRef = 39D715052B01AC2500B05D97 /* CatasLogTests.swift */; };
		39D715102B01AC2500B05D97 /* CatasLogUITests.swift in Sources */ = {isa = PBXBuildFile; fileRef = 39D7150F2B01AC2500B05D97 /* CatasLogUITests.swift */; };
		39D715122B01AC2500B05D97 /* CatasLogUITestsLaunchTests.swift in Sources */ = {isa = PBXBuildFile; fileRef = 39D715112B01AC2500B05D97 /* CatasLogUITestsLaunchTests.swift */; };
		39E12AFC2B27741A008BC259 /* ItemObject.swift in Sources */ = {isa = PBXBuildFile; fileRef = 39E12AFB2B27741A008BC259 /* ItemObject.swift */; };
/* End PBXBuildFile section */

/* Begin PBXContainerItemProxy section */
		39D715022B01AC2500B05D97 /* PBXContainerItemProxy */ = {
			isa = PBXContainerItemProxy;
			containerPortal = 39D714E92B01AC2400B05D97 /* Project object */;
			proxyType = 1;
			remoteGlobalIDString = 39D714F02B01AC2400B05D97;
			remoteInfo = CatasLog;
		};
		39D7150C2B01AC2500B05D97 /* PBXContainerItemProxy */ = {
			isa = PBXContainerItemProxy;
			containerPortal = 39D714E92B01AC2400B05D97 /* Project object */;
			proxyType = 1;
			remoteGlobalIDString = 39D714F02B01AC2400B05D97;
			remoteInfo = CatasLog;
		};
/* End PBXContainerItemProxy section */

/* Begin PBXFileReference section */
		39D714F12B01AC2400B05D97 /* CatasLog.app */ = {isa = PBXFileReference; explicitFileType = wrapper.application; includeInIndex = 0; path = CatasLog.app; sourceTree = BUILT_PRODUCTS_DIR; };
		39D714F42B01AC2400B05D97 /* CatasLogApp.swift */ = {isa = PBXFileReference; lastKnownFileType = sourcecode.swift; path = CatasLogApp.swift; sourceTree = "<group>"; };
		39D714F62B01AC2400B05D97 /* ContentView.swift */ = {isa = PBXFileReference; lastKnownFileType = sourcecode.swift; path = ContentView.swift; sourceTree = "<group>"; };
		39D714F82B01AC2500B05D97 /* Assets.xcassets */ = {isa = PBXFileReference; lastKnownFileType = folder.assetcatalog; path = Assets.xcassets; sourceTree = "<group>"; };
		39D714FB2B01AC2500B05D97 /* Preview Assets.xcassets */ = {isa = PBXFileReference; lastKnownFileType = folder.assetcatalog; path = "Preview Assets.xcassets"; sourceTree = "<group>"; };
		39D715012B01AC2500B05D97 /* CatasLogTests.xctest */ = {isa = PBXFileReference; explicitFileType = wrapper.cfbundle; includeInIndex = 0; path = CatasLogTests.xctest; sourceTree = BUILT_PRODUCTS_DIR; };
		39D715052B01AC2500B05D97 /* CatasLogTests.swift */ = {isa = PBXFileReference; lastKnownFileType = sourcecode.swift; path = CatasLogTests.swift; sourceTree = "<group>"; };
		39D7150B2B01AC2500B05D97 /* CatasLogUITests.xctest */ = {isa = PBXFileReference; explicitFileType = wrapper.cfbundle; includeInIndex = 0; path = CatasLogUITests.xctest; sourceTree = BUILT_PRODUCTS_DIR; };
		39D7150F2B01AC2500B05D97 /* CatasLogUITests.swift */ = {isa = PBXFileReference; lastKnownFileType = sourcecode.swift; path = CatasLogUITests.swift; sourceTree = "<group>"; };
		39D715112B01AC2500B05D97 /* CatasLogUITestsLaunchTests.swift */ = {isa = PBXFileReference; lastKnownFileType = sourcecode.swift; path = CatasLogUITestsLaunchTests.swift; sourceTree = "<group>"; };
		39E12AFB2B27741A008BC259 /* ItemObject.swift */ = {isa = PBXFileReference; lastKnownFileType = sourcecode.swift; path = ItemObject.swift; sourceTree = "<group>"; };
/* End PBXFileReference section */

/* Begin PBXFrameworksBuildPhase section */
		39D714EE2B01AC2400B05D97 /* Frameworks */ = {
			isa = PBXFrameworksBuildPhase;
			buildActionMask = 2147483647;
			files = (
			);
			runOnlyForDeploymentPostprocessing = 0;
		};
		39D714FE2B01AC2500B05D97 /* Frameworks */ = {
			isa = PBXFrameworksBuildPhase;
			buildActionMask = 2147483647;
			files = (
			);
			runOnlyForDeploymentPostprocessing = 0;
		};
		39D715082B01AC2500B05D97 /* Frameworks */ = {
			isa = PBXFrameworksBuildPhase;
			buildActionMask = 2147483647;
			files = (
			);
			runOnlyForDeploymentPostprocessing = 0;
		};
/* End PBXFrameworksBuildPhase section */

/* Begin PBXGroup section */
		39D714E82B01AC2400B05D97 = {
			isa = PBXGroup;
			children = (
				39D714F32B01AC2400B05D97 /* CatasLog */,
				39D715042B01AC2500B05D97 /* CatasLogTests */,
				39D7150E2B01AC2500B05D97 /* CatasLogUITests */,
				39D714F22B01AC2400B05D97 /* Products */,
			);
			sourceTree = "<group>";
		};
		39D714F22B01AC2400B05D97 /* Products */ = {
			isa = PBXGroup;
			children = (
				39D714F12B01AC2400B05D97 /* CatasLog.app */,
				39D715012B01AC2500B05D97 /* CatasLogTests.xctest */,
				39D7150B2B01AC2500B05D97 /* CatasLogUITests.xctest */,
			);
			name = Products;
			sourceTree = "<group>";
		};
		39D714F32B01AC2400B05D97 /* CatasLog */ = {
			isa = PBXGroup;
			children = (
				39E12AFA2B2670ED008BC259 /* Models */,
				39E12AF92B2670E0008BC259 /* ViewModels */,
				39E12AF82B266FFB008BC259 /* Views */,
				39D714F42B01AC2400B05D97 /* CatasLogApp.swift */,
				39D714F62B01AC2400B05D97 /* ContentView.swift */,
				39D714F82B01AC2500B05D97 /* Assets.xcassets */,
				39D714FA2B01AC2500B05D97 /* Preview Content */,
			);
			path = CatasLog;
			sourceTree = "<group>";
		};
		39D714FA2B01AC2500B05D97 /* Preview Content */ = {
			isa = PBXGroup;
			children = (
				39D714FB2B01AC2500B05D97 /* Preview Assets.xcassets */,
			);
			path = "Preview Content";
			sourceTree = "<group>";
		};
		39D715042B01AC2500B05D97 /* CatasLogTests */ = {
			isa = PBXGroup;
			children = (
				39D715052B01AC2500B05D97 /* CatasLogTests.swift */,
			);
			path = CatasLogTests;
			sourceTree = "<group>";
		};
		39D7150E2B01AC2500B05D97 /* CatasLogUITests */ = {
			isa = PBXGroup;
			children = (
				39D7150F2B01AC2500B05D97 /* CatasLogUITests.swift */,
				39D715112B01AC2500B05D97 /* CatasLogUITestsLaunchTests.swift */,
			);
			path = CatasLogUITests;
			sourceTree = "<group>";
		};
		39E12AF82B266FFB008BC259 /* Views */ = {
			isa = PBXGroup;
			children = (
			);
			path = Views;
			sourceTree = "<group>";
		};
		39E12AF92B2670E0008BC259 /* ViewModels */ = {
			isa = PBXGroup;
			children = (
			);
			path = ViewModels;
			sourceTree = "<group>";
		};
		39E12AFA2B2670ED008BC259 /* Models */ = {
			isa = PBXGroup;
			children = (
				39E12AFB2B27741A008BC259 /* ItemObject.swift */,
			);
			path = Models;
			sourceTree = "<group>";
		};
/* End PBXGroup section */

/* Begin PBXNativeTarget section */
		39D714F02B01AC2400B05D97 /* CatasLog */ = {
			isa = PBXNativeTarget;
			buildConfigurationList = 39D715152B01AC2500B05D97 /* Build configuration list for PBXNativeTarget "CatasLog" */;
			buildPhases = (
				39D714ED2B01AC2400B05D97 /* Sources */,
				39D714EE2B01AC2400B05D97 /* Frameworks */,
				39D714EF2B01AC2400B05D97 /* Resources */,
			);
			buildRules = (
			);
			dependencies = (
			);
			name = CatasLog;
			productName = CatasLog;
			productReference = 39D714F12B01AC2400B05D97 /* CatasLog.app */;
			productType = "com.apple.product-type.application";
		};
		39D715002B01AC2500B05D97 /* CatasLogTests */ = {
			isa = PBXNativeTarget;
			buildConfigurationList = 39D715182B01AC2500B05D97 /* Build configuration list for PBXNativeTarget "CatasLogTests" */;
			buildPhases = (
				39D714FD2B01AC2500B05D97 /* Sources */,
				39D714FE2B01AC2500B05D97 /* Frameworks */,
				39D714FF2B01AC2500B05D97 /* Resources */,
			);
			buildRules = (
			);
			dependencies = (
				39D715032B01AC2500B05D97 /* PBXTargetDependency */,
			);
			name = CatasLogTests;
			productName = CatasLogTests;
			productReference = 39D715012B01AC2500B05D97 /* CatasLogTests.xctest */;
			productType = "com.apple.product-type.bundle.unit-test";
		};
		39D7150A2B01AC2500B05D97 /* CatasLogUITests */ = {
			isa = PBXNativeTarget;
			buildConfigurationList = 39D7151B2B01AC2500B05D97 /* Build configuration list for PBXNativeTarget "CatasLogUITests" */;
			buildPhases = (
				39D715072B01AC2500B05D97 /* Sources */,
				39D715082B01AC2500B05D97 /* Frameworks */,
				39D715092B01AC2500B05D97 /* Resources */,
			);
			buildRules = (
			);
			dependencies = (
				39D7150D2B01AC2500B05D97 /* PBXTargetDependency */,
			);
			name = CatasLogUITests;
			productName = CatasLogUITests;
			productReference = 39D7150B2B01AC2500B05D97 /* CatasLogUITests.xctest */;
			productType = "com.apple.product-type.bundle.ui-testing";
		};
/* End PBXNativeTarget section */

/* Begin PBXProject section */
		39D714E92B01AC2400B05D97 /* Project object */ = {
			isa = PBXProject;
			attributes = {
				BuildIndependentTargetsInParallel = 1;
				LastSwiftUpdateCheck = 1500;
				LastUpgradeCheck = 1500;
				TargetAttributes = {
					39D714F02B01AC2400B05D97 = {
						CreatedOnToolsVersion = 15.0.1;
					};
					39D715002B01AC2500B05D97 = {
						CreatedOnToolsVersion = 15.0.1;
						TestTargetID = 39D714F02B01AC2400B05D97;
					};
					39D7150A2B01AC2500B05D97 = {
						CreatedOnToolsVersion = 15.0.1;
						TestTargetID = 39D714F02B01AC2400B05D97;
					};
				};
			};
			buildConfigurationList = 39D714EC2B01AC2400B05D97 /* Build configuration list for PBXProject "CatasLog" */;
			compatibilityVersion = "Xcode 14.0";
			developmentRegion = en;
			hasScannedForEncodings = 0;
			knownRegions = (
				en,
				Base,
			);
			mainGroup = 39D714E82B01AC2400B05D97;
			productRefGroup = 39D714F22B01AC2400B05D97 /* Products */;
			projectDirPath = "";
			projectRoot = "";
			targets = (
				39D714F02B01AC2400B05D97 /* CatasLog */,
				39D715002B01AC2500B05D97 /* CatasLogTests */,
				39D7150A2B01AC2500B05D97 /* CatasLogUITests */,
			);
		};
/* End PBXProject section */

/* Begin PBXResourcesBuildPhase section */
		39D714EF2B01AC2400B05D97 /* Resources */ = {
			isa = PBXResourcesBuildPhase;
			buildActionMask = 2147483647;
			files = (
				39D714FC2B01AC2500B05D97 /* Preview Assets.xcassets in Resources */,
				39D714F92B01AC2500B05D97 /* Assets.xcassets in Resources */,
			);
			runOnlyForDeploymentPostprocessing = 0;
		};
		39D714FF2B01AC2500B05D97 /* Resources */ = {
			isa = PBXResourcesBuildPhase;
			buildActionMask = 2147483647;
			files = (
			);
			runOnlyForDeploymentPostprocessing = 0;
		};
		39D715092B01AC2500B05D97 /* Resources */ = {
			isa = PBXResourcesBuildPhase;
			buildActionMask = 2147483647;
			files = (
			);
			runOnlyForDeploymentPostprocessing = 0;
		};
/* End PBXResourcesBuildPhase section */

/* Begin PBXSourcesBuildPhase section */
		39D714ED2B01AC2400B05D97 /* Sources */ = {
			isa = PBXSourcesBuildPhase;
			buildActionMask = 2147483647;
			files = (
				39D714F72B01AC2400B05D97 /* ContentView.swift in Sources */,
				39D714F52B01AC2400B05D97 /* CatasLogApp.swift in Sources */,
				39E12AFC2B27741A008BC259 /* ItemObject.swift in Sources */,
			);
			runOnlyForDeploymentPostprocessing = 0;
		};
		39D714FD2B01AC2500B05D97 /* Sources */ = {
			isa = PBXSourcesBuildPhase;
			buildActionMask = 2147483647;
			files = (
				39D715062B01AC2500B05D97 /* CatasLogTests.swift in Sources */,
			);
			runOnlyForDeploymentPostprocessing = 0;
		};
		39D715072B01AC2500B05D97 /* Sources */ = {
			isa = PBXSourcesBuildPhase;
			buildActionMask = 2147483647;
			files = (
				39D715122B01AC2500B05D97 /* CatasLogUITestsLaunchTests.swift in Sources */,
				39D715102B01AC2500B05D97 /* CatasLogUITests.swift in Sources */,
			);
			runOnlyForDeploymentPostprocessing = 0;
		};
/* End PBXSourcesBuildPhase section */

/* Begin PBXTargetDependency section */
		39D715032B01AC2500B05D97 /* PBXTargetDependency */ = {
			isa = PBXTargetDependency;
			target = 39D714F02B01AC2400B05D97 /* CatasLog */;
			targetProxy = 39D715022B01AC2500B05D97 /* PBXContainerItemProxy */;
		};
		39D7150D2B01AC2500B05D97 /* PBXTargetDependency */ = {
			isa = PBXTargetDependency;
			target = 39D714F02B01AC2400B05D97 /* CatasLog */;
			targetProxy = 39D7150C2B01AC2500B05D97 /* PBXContainerItemProxy */;
		};
/* End PBXTargetDependency section */

/* Begin XCBuildConfiguration section */
		39D715132B01AC2500B05D97 /* Debug */ = {
			isa = XCBuildConfiguration;
			buildSettings = {
				ALWAYS_SEARCH_USER_PATHS = NO;
				ASSETCATALOG_COMPILER_GENERATE_SWIFT_ASSET_SYMBOL_EXTENSIONS = YES;
				CLANG_ANALYZER_NONNULL = YES;
				CLANG_ANALYZER_NUMBER_OBJECT_CONVERSION = YES_AGGRESSIVE;
				CLANG_CXX_LANGUAGE_STANDARD = "gnu++20";
				CLANG_ENABLE_MODULES = YES;
				CLANG_ENABLE_OBJC_ARC = YES;
				CLANG_ENABLE_OBJC_WEAK = YES;
				CLANG_WARN_BLOCK_CAPTURE_AUTORELEASING = YES;
				CLANG_WARN_BOOL_CONVERSION = YES;
				CLANG_WARN_COMMA = YES;
				CLANG_WARN_CONSTANT_CONVERSION = YES;
				CLANG_WARN_DEPRECATED_OBJC_IMPLEMENTATIONS = YES;
				CLANG_WARN_DIRECT_OBJC_ISA_USAGE = YES_ERROR;
				CLANG_WARN_DOCUMENTATION_COMMENTS = YES;
				CLANG_WARN_EMPTY_BODY = YES;
				CLANG_WARN_ENUM_CONVERSION = YES;
				CLANG_WARN_INFINITE_RECURSION = YES;
				CLANG_WARN_INT_CONVERSION = YES;
				CLANG_WARN_NON_LITERAL_NULL_CONVERSION = YES;
				CLANG_WARN_OBJC_IMPLICIT_RETAIN_SELF = YES;
				CLANG_WARN_OBJC_LITERAL_CONVERSION = YES;
				CLANG_WARN_OBJC_ROOT_CLASS = YES_ERROR;
				CLANG_WARN_QUOTED_INCLUDE_IN_FRAMEWORK_HEADER = YES;
				CLANG_WARN_RANGE_LOOP_ANALYSIS = YES;
				CLANG_WARN_STRICT_PROTOTYPES = YES;
				CLANG_WARN_SUSPICIOUS_MOVE = YES;
				CLANG_WARN_UNGUARDED_AVAILABILITY = YES_AGGRESSIVE;
				CLANG_WARN_UNREACHABLE_CODE = YES;
				CLANG_WARN__DUPLICATE_METHOD_MATCH = YES;
				COPY_PHASE_STRIP = NO;
				DEBUG_INFORMATION_FORMAT = dwarf;
				ENABLE_STRICT_OBJC_MSGSEND = YES;
				ENABLE_TESTABILITY = YES;
				ENABLE_USER_SCRIPT_SANDBOXING = YES;
				GCC_C_LANGUAGE_STANDARD = gnu17;
				GCC_DYNAMIC_NO_PIC = NO;
				GCC_NO_COMMON_BLOCKS = YES;
				GCC_OPTIMIZATION_LEVEL = 0;
				GCC_PREPROCESSOR_DEFINITIONS = (
					"DEBUG=1",
					"$(inherited)",
				);
				GCC_WARN_64_TO_32_BIT_CONVERSION = YES;
				GCC_WARN_ABOUT_RETURN_TYPE = YES_ERROR;
				GCC_WARN_UNDECLARED_SELECTOR = YES;
				GCC_WARN_UNINITIALIZED_AUTOS = YES_AGGRESSIVE;
				GCC_WARN_UNUSED_FUNCTION = YES;
				GCC_WARN_UNUSED_VARIABLE = YES;
				IPHONEOS_DEPLOYMENT_TARGET = 17.0;
				LOCALIZATION_PREFERS_STRING_CATALOGS = YES;
				MTL_ENABLE_DEBUG_INFO = INCLUDE_SOURCE;
				MTL_FAST_MATH = YES;
				ONLY_ACTIVE_ARCH = YES;
				SDKROOT = iphoneos;
				SWIFT_ACTIVE_COMPILATION_CONDITIONS = "DEBUG $(inherited)";
				SWIFT_OPTIMIZATION_LEVEL = "-Onone";
			};
			name = Debug;
		};
		39D715142B01AC2500B05D97 /* Release */ = {
			isa = XCBuildConfiguration;
			buildSettings = {
				ALWAYS_SEARCH_USER_PATHS = NO;
				ASSETCATALOG_COMPILER_GENERATE_SWIFT_ASSET_SYMBOL_EXTENSIONS = YES;
				CLANG_ANALYZER_NONNULL = YES;
				CLANG_ANALYZER_NUMBER_OBJECT_CONVERSION = YES_AGGRESSIVE;
				CLANG_CXX_LANGUAGE_STANDARD = "gnu++20";
				CLANG_ENABLE_MODULES = YES;
				CLANG_ENABLE_OBJC_ARC = YES;
				CLANG_ENABLE_OBJC_WEAK = YES;
				CLANG_WARN_BLOCK_CAPTURE_AUTORELEASING = YES;
				CLANG_WARN_BOOL_CONVERSION = YES;
				CLANG_WARN_COMMA = YES;
				CLANG_WARN_CONSTANT_CONVERSION = YES;
				CLANG_WARN_DEPRECATED_OBJC_IMPLEMENTATIONS = YES;
				CLANG_WARN_DIRECT_OBJC_ISA_USAGE = YES_ERROR;
				CLANG_WARN_DOCUMENTATION_COMMENTS = YES;
				CLANG_WARN_EMPTY_BODY = YES;
				CLANG_WARN_ENUM_CONVERSION = YES;
				CLANG_WARN_INFINITE_RECURSION = YES;
				CLANG_WARN_INT_CONVERSION = YES;
				CLANG_WARN_NON_LITERAL_NULL_CONVERSION = YES;
				CLANG_WARN_OBJC_IMPLICIT_RETAIN_SELF = YES;
				CLANG_WARN_OBJC_LITERAL_CONVERSION = YES;
				CLANG_WARN_OBJC_ROOT_CLASS = YES_ERROR;
				CLANG_WARN_QUOTED_INCLUDE_IN_FRAMEWORK_HEADER = YES;
				CLANG_WARN_RANGE_LOOP_ANALYSIS = YES;
				CLANG_WARN_STRICT_PROTOTYPES = YES;
				CLANG_WARN_SUSPICIOUS_MOVE = YES;
				CLANG_WARN_UNGUARDED_AVAILABILITY = YES_AGGRESSIVE;
				CLANG_WARN_UNREACHABLE_CODE = YES;
				CLANG_WARN__DUPLICATE_METHOD_MATCH = YES;
				COPY_PHASE_STRIP = NO;
				DEBUG_INFORMATION_FORMAT = "dwarf-with-dsym";
				ENABLE_NS_ASSERTIONS = NO;
				ENABLE_STRICT_OBJC_MSGSEND = YES;
				ENABLE_USER_SCRIPT_SANDBOXING = YES;
				GCC_C_LANGUAGE_STANDARD = gnu17;
				GCC_NO_COMMON_BLOCKS = YES;
				GCC_WARN_64_TO_32_BIT_CONVERSION = YES;
				GCC_WARN_ABOUT_RETURN_TYPE = YES_ERROR;
				GCC_WARN_UNDECLARED_SELECTOR = YES;
				GCC_WARN_UNINITIALIZED_AUTOS = YES_AGGRESSIVE;
				GCC_WARN_UNUSED_FUNCTION = YES;
				GCC_WARN_UNUSED_VARIABLE = YES;
				IPHONEOS_DEPLOYMENT_TARGET = 17.0;
				LOCALIZATION_PREFERS_STRING_CATALOGS = YES;
				MTL_ENABLE_DEBUG_INFO = NO;
				MTL_FAST_MATH = YES;
				SDKROOT = iphoneos;
				SWIFT_COMPILATION_MODE = wholemodule;
				VALIDATE_PRODUCT = YES;
			};
			name = Release;
		};
		39D715162B01AC2500B05D97 /* Debug */ = {
			isa = XCBuildConfiguration;
			buildSettings = {
				ASSETCATALOG_COMPILER_APPICON_NAME = AppIcon;
				ASSETCATALOG_COMPILER_GLOBAL_ACCENT_COLOR_NAME = AccentColor;
				CODE_SIGN_STYLE = Automatic;
				CURRENT_PROJECT_VERSION = 1;
				DEVELOPMENT_ASSET_PATHS = "\"CatasLog/Preview Content\"";
				DEVELOPMENT_TEAM = 8YZR3MB5V3;
				ENABLE_PREVIEWS = YES;
				GENERATE_INFOPLIST_FILE = YES;
				INFOPLIST_KEY_UIApplicationSceneManifest_Generation = YES;
				INFOPLIST_KEY_UIApplicationSupportsIndirectInputEvents = YES;
				INFOPLIST_KEY_UILaunchScreen_Generation = YES;
				INFOPLIST_KEY_UISupportedInterfaceOrientations_iPad = "UIInterfaceOrientationPortrait UIInterfaceOrientationPortraitUpsideDown UIInterfaceOrientationLandscapeLeft UIInterfaceOrientationLandscapeRight";
				INFOPLIST_KEY_UISupportedInterfaceOrientations_iPhone = "UIInterfaceOrientationPortrait UIInterfaceOrientationLandscapeLeft UIInterfaceOrientationLandscapeRight";
				LD_RUNPATH_SEARCH_PATHS = (
					"$(inherited)",
					"@executable_path/Frameworks",
				);
				MARKETING_VERSION = 1.0;
				PRODUCT_BUNDLE_IDENTIFIER = ugonnaobiagwu.CatasLog;
				PRODUCT_NAME = "$(TARGET_NAME)";
				SWIFT_EMIT_LOC_STRINGS = YES;
				SWIFT_VERSION = 5.0;
				TARGETED_DEVICE_FAMILY = "1,2";
			};
			name = Debug;
		};
		39D715172B01AC2500B05D97 /* Release */ = {
			isa = XCBuildConfiguration;
			buildSettings = {
				ASSETCATALOG_COMPILER_APPICON_NAME = AppIcon;
				ASSETCATALOG_COMPILER_GLOBAL_ACCENT_COLOR_NAME = AccentColor;
				CODE_SIGN_STYLE = Automatic;
				CURRENT_PROJECT_VERSION = 1;
				DEVELOPMENT_ASSET_PATHS = "\"CatasLog/Preview Content\"";
				DEVELOPMENT_TEAM = 8YZR3MB5V3;
				ENABLE_PREVIEWS = YES;
				GENERATE_INFOPLIST_FILE = YES;
				INFOPLIST_KEY_UIApplicationSceneManifest_Generation = YES;
				INFOPLIST_KEY_UIApplicationSupportsIndirectInputEvents = YES;
				INFOPLIST_KEY_UILaunchScreen_Generation = YES;
				INFOPLIST_KEY_UISupportedInterfaceOrientations_iPad = "UIInterfaceOrientationPortrait UIInterfaceOrientationPortraitUpsideDown UIInterfaceOrientationLandscapeLeft UIInterfaceOrientationLandscapeRight";
				INFOPLIST_KEY_UISupportedInterfaceOrientations_iPhone = "UIInterfaceOrientationPortrait UIInterfaceOrientationLandscapeLeft UIInterfaceOrientationLandscapeRight";
				LD_RUNPATH_SEARCH_PATHS = (
					"$(inherited)",
					"@executable_path/Frameworks",
				);
				MARKETING_VERSION = 1.0;
				PRODUCT_BUNDLE_IDENTIFIER = ugonnaobiagwu.CatasLog;
				PRODUCT_NAME = "$(TARGET_NAME)";
				SWIFT_EMIT_LOC_STRINGS = YES;
				SWIFT_VERSION = 5.0;
				TARGETED_DEVICE_FAMILY = "1,2";
			};
			name = Release;
		};
		39D715192B01AC2500B05D97 /* Debug */ = {
			isa = XCBuildConfiguration;
			buildSettings = {
				ALWAYS_EMBED_SWIFT_STANDARD_LIBRARIES = YES;
				BUNDLE_LOADER = "$(TEST_HOST)";
				CODE_SIGN_STYLE = Automatic;
				CURRENT_PROJECT_VERSION = 1;
				DEVELOPMENT_TEAM = 8YZR3MB5V3;
				GENERATE_INFOPLIST_FILE = YES;
				IPHONEOS_DEPLOYMENT_TARGET = 17.0;
				MARKETING_VERSION = 1.0;
				PRODUCT_BUNDLE_IDENTIFIER = ugonnaobiagwu.CatasLogTests;
				PRODUCT_NAME = "$(TARGET_NAME)";
				SWIFT_EMIT_LOC_STRINGS = NO;
				SWIFT_VERSION = 5.0;
				TARGETED_DEVICE_FAMILY = "1,2";
				TEST_HOST = "$(BUILT_PRODUCTS_DIR)/CatasLog.app/$(BUNDLE_EXECUTABLE_FOLDER_PATH)/CatasLog";
			};
			name = Debug;
		};
		39D7151A2B01AC2500B05D97 /* Release */ = {
			isa = XCBuildConfiguration;
			buildSettings = {
				ALWAYS_EMBED_SWIFT_STANDARD_LIBRARIES = YES;
				BUNDLE_LOADER = "$(TEST_HOST)";
				CODE_SIGN_STYLE = Automatic;
				CURRENT_PROJECT_VERSION = 1;
				DEVELOPMENT_TEAM = 8YZR3MB5V3;
				GENERATE_INFOPLIST_FILE = YES;
				IPHONEOS_DEPLOYMENT_TARGET = 17.0;
				MARKETING_VERSION = 1.0;
				PRODUCT_BUNDLE_IDENTIFIER = ugonnaobiagwu.CatasLogTests;
				PRODUCT_NAME = "$(TARGET_NAME)";
				SWIFT_EMIT_LOC_STRINGS = NO;
				SWIFT_VERSION = 5.0;
				TARGETED_DEVICE_FAMILY = "1,2";
				TEST_HOST = "$(BUILT_PRODUCTS_DIR)/CatasLog.app/$(BUNDLE_EXECUTABLE_FOLDER_PATH)/CatasLog";
			};
			name = Release;
		};
		39D7151C2B01AC2500B05D97 /* Debug */ = {
			isa = XCBuildConfiguration;
			buildSettings = {
				ALWAYS_EMBED_SWIFT_STANDARD_LIBRARIES = YES;
				CODE_SIGN_STYLE = Automatic;
				CURRENT_PROJECT_VERSION = 1;
				DEVELOPMENT_TEAM = 8YZR3MB5V3;
				GENERATE_INFOPLIST_FILE = YES;
				MARKETING_VERSION = 1.0;
				PRODUCT_BUNDLE_IDENTIFIER = ugonnaobiagwu.CatasLogUITests;
				PRODUCT_NAME = "$(TARGET_NAME)";
				SWIFT_EMIT_LOC_STRINGS = NO;
				SWIFT_VERSION = 5.0;
				TARGETED_DEVICE_FAMILY = "1,2";
				TEST_TARGET_NAME = CatasLog;
			};
			name = Debug;
		};
		39D7151D2B01AC2500B05D97 /* Release */ = {
			isa = XCBuildConfiguration;
			buildSettings = {
				ALWAYS_EMBED_SWIFT_STANDARD_LIBRARIES = YES;
				CODE_SIGN_STYLE = Automatic;
				CURRENT_PROJECT_VERSION = 1;
				DEVELOPMENT_TEAM = 8YZR3MB5V3;
				GENERATE_INFOPLIST_FILE = YES;
				MARKETING_VERSION = 1.0;
				PRODUCT_BUNDLE_IDENTIFIER = ugonnaobiagwu.CatasLogUITests;
				PRODUCT_NAME = "$(TARGET_NAME)";
				SWIFT_EMIT_LOC_STRINGS = NO;
				SWIFT_VERSION = 5.0;
				TARGETED_DEVICE_FAMILY = "1,2";
				TEST_TARGET_NAME = CatasLog;
			};
			name = Release;
		};
/* End XCBuildConfiguration section */

/* Begin XCConfigurationList section */
		39D714EC2B01AC2400B05D97 /* Build configuration list for PBXProject "CatasLog" */ = {
			isa = XCConfigurationList;
			buildConfigurations = (
				39D715132B01AC2500B05D97 /* Debug */,
				39D715142B01AC2500B05D97 /* Release */,
			);
			defaultConfigurationIsVisible = 0;
			defaultConfigurationName = Release;
		};
		39D715152B01AC2500B05D97 /* Build configuration list for PBXNativeTarget "CatasLog" */ = {
			isa = XCConfigurationList;
			buildConfigurations = (
				39D715162B01AC2500B05D97 /* Debug */,
				39D715172B01AC2500B05D97 /* Release */,
			);
			defaultConfigurationIsVisible = 0;
			defaultConfigurationName = Release;
		};
		39D715182B01AC2500B05D97 /* Build configuration list for PBXNativeTarget "CatasLogTests" */ = {
			isa = XCConfigurationList;
			buildConfigurations = (
				39D715192B01AC2500B05D97 /* Debug */,
				39D7151A2B01AC2500B05D97 /* Release */,
			);
			defaultConfigurationIsVisible = 0;
			defaultConfigurationName = Release;
		};
		39D7151B2B01AC2500B05D97 /* Build configuration list for PBXNativeTarget "CatasLogUITests" */ = {
			isa = XCConfigurationList;
			buildConfigurations = (
				39D7151C2B01AC2500B05D97 /* Debug */,
				39D7151D2B01AC2500B05D97 /* Release */,
			);
			defaultConfigurationIsVisible = 0;
			defaultConfigurationName = Release;
		};
/* End XCConfigurationList section */
	};
	rootObject = 39D714E92B01AC2400B05D97 /* Project object */;
}
